// !$*UTF8*$!
{
	archiveVersion = 1;
	classes = {
	};
	objectVersion = 46;
	objects = {

/* Begin PBXBuildFile section */
		A75683231A747CD300322006 /* AppDelegate.swift in Sources */ = {isa = PBXBuildFile; fileRef = A75683221A747CD300322006 /* AppDelegate.swift */; };
		A75683251A747CD300322006 /* ViewController.swift in Sources */ = {isa = PBXBuildFile; fileRef = A75683241A747CD300322006 /* ViewController.swift */; };
		A75683281A747CD300322006 /* Main.storyboard in Resources */ = {isa = PBXBuildFile; fileRef = A75683261A747CD300322006 /* Main.storyboard */; };
		A756832A1A747CD300322006 /* Images.xcassets in Resources */ = {isa = PBXBuildFile; fileRef = A75683291A747CD300322006 /* Images.xcassets */; };
		A756832D1A747CD300322006 /* LaunchScreen.xib in Resources */ = {isa = PBXBuildFile; fileRef = A756832B1A747CD300322006 /* LaunchScreen.xib */; };
		A75683391A747CD300322006 /* Working_With_AudioTests.swift in Sources */ = {isa = PBXBuildFile; fileRef = A75683381A747CD300322006 /* Working_With_AudioTests.swift */; };
/* End PBXBuildFile section */

/* Begin PBXContainerItemProxy section */
		A75683331A747CD300322006 /* PBXContainerItemProxy */ = {
			isa = PBXContainerItemProxy;
			containerPortal = A75683151A747CD300322006 /* Project object */;
			proxyType = 1;
			remoteGlobalIDString = A756831C1A747CD300322006;
			remoteInfo = "Working With Audio";
		};
/* End PBXContainerItemProxy section */

/* Begin PBXFileReference section */
		A756831D1A747CD300322006 /* Working With Audio.app */ = {isa = PBXFileReference; explicitFileType = wrapper.application; includeInIndex = 0; path = "Working With Audio.app"; sourceTree = BUILT_PRODUCTS_DIR; };
		A75683211A747CD300322006 /* Info.plist */ = {isa = PBXFileReference; lastKnownFileType = text.plist.xml; path = Info.plist; sourceTree = "<group>"; };
		A75683221A747CD300322006 /* AppDelegate.swift */ = {isa = PBXFileReference; lastKnownFileType = sourcecode.swift; path = AppDelegate.swift; sourceTree = "<group>"; };
		A75683241A747CD300322006 /* ViewController.swift */ = {isa = PBXFileReference; lastKnownFileType = sourcecode.swift; path = ViewController.swift; sourceTree = "<group>"; };
		A75683271A747CD300322006 /* Base */ = {isa = PBXFileReference; lastKnownFileType = file.storyboard; name = Base; path = Base.lproj/Main.storyboard; sourceTree = "<group>"; };
		A75683291A747CD300322006 /* Images.xcassets */ = {isa = PBXFileReference; lastKnownFileType = folder.assetcatalog; path = Images.xcassets; sourceTree = "<group>"; };
		A756832C1A747CD300322006 /* Base */ = {isa = PBXFileReference; lastKnownFileType = file.xib; name = Base; path = Base.lproj/LaunchScreen.xib; sourceTree = "<group>"; };
		A75683321A747CD300322006 /* Working With AudioTests.xctest */ = {isa = PBXFileReference; explicitFileType = wrapper.cfbundle; includeInIndex = 0; path = "Working With AudioTests.xctest"; sourceTree = BUILT_PRODUCTS_DIR; };
		A75683371A747CD300322006 /* Info.plist */ = {isa = PBXFileReference; lastKnownFileType = text.plist.xml; path = Info.plist; sourceTree = "<group>"; };
		A75683381A747CD300322006 /* Working_With_AudioTests.swift */ = {isa = PBXFileReference; lastKnownFileType = sourcecode.swift; path = Working_With_AudioTests.swift; sourceTree = "<group>"; };
/* End PBXFileReference section */

/* Begin PBXFrameworksBuildPhase section */
		A756831A1A747CD300322006 /* Frameworks */ = {
			isa = PBXFrameworksBuildPhase;
			buildActionMask = 2147483647;
			files = (
			);
			runOnlyForDeploymentPostprocessing = 0;
		};
		A756832F1A747CD300322006 /* Frameworks */ = {
			isa = PBXFrameworksBuildPhase;
			buildActionMask = 2147483647;
			files = (
			);
			runOnlyForDeploymentPostprocessing = 0;
		};
/* End PBXFrameworksBuildPhase section */

/* Begin PBXGroup section */
		A75683141A747CD300322006 = {
			isa = PBXGroup;
			children = (
				A756831F1A747CD300322006 /* Working With Audio */,
				A75683351A747CD300322006 /* Working With AudioTests */,
				A756831E1A747CD300322006 /* Products */,
			);
			sourceTree = "<group>";
		};
		A756831E1A747CD300322006 /* Products */ = {
			isa = PBXGroup;
			children = (
				A756831D1A747CD300322006 /* Working With Audio.app */,
				A75683321A747CD300322006 /* Working With AudioTests.xctest */,
			);
			name = Products;
			sourceTree = "<group>";
		};
		A756831F1A747CD300322006 /* Working With Audio */ = {
			isa = PBXGroup;
			children = (
				A75683221A747CD300322006 /* AppDelegate.swift */,
				A75683241A747CD300322006 /* ViewController.swift */,
				A75683261A747CD300322006 /* Main.storyboard */,
				A75683291A747CD300322006 /* Images.xcassets */,
				A756832B1A747CD300322006 /* LaunchScreen.xib */,
				A75683201A747CD300322006 /* Supporting Files */,
			);
			path = "Working With Audio";
			sourceTree = "<group>";
		};
		A75683201A747CD300322006 /* Supporting Files */ = {
			isa = PBXGroup;
			children = (
				A75683211A747CD300322006 /* Info.plist */,
			);
			name = "Supporting Files";
			sourceTree = "<group>";
		};
		A75683351A747CD300322006 /* Working With AudioTests */ = {
			isa = PBXGroup;
			children = (
				A75683381A747CD300322006 /* Working_With_AudioTests.swift */,
				A75683361A747CD300322006 /* Supporting Files */,
			);
			path = "Working With AudioTests";
			sourceTree = "<group>";
		};
		A75683361A747CD300322006 /* Supporting Files */ = {
			isa = PBXGroup;
			children = (
				A75683371A747CD300322006 /* Info.plist */,
			);
			name = "Supporting Files";
			sourceTree = "<group>";
		};
/* End PBXGroup section */

/* Begin PBXNativeTarget section */
		A756831C1A747CD300322006 /* Working With Audio */ = {
			isa = PBXNativeTarget;
			buildConfigurationList = A756833C1A747CD300322006 /* Build configuration list for PBXNativeTarget "Working With Audio" */;
			buildPhases = (
				A75683191A747CD300322006 /* Sources */,
				A756831A1A747CD300322006 /* Frameworks */,
				A756831B1A747CD300322006 /* Resources */,
			);
			buildRules = (
			);
			dependencies = (
			);
			name = "Working With Audio";
			productName = "Working With Audio";
			productReference = A756831D1A747CD300322006 /* Working With Audio.app */;
			productType = "com.apple.product-type.application";
		};
		A75683311A747CD300322006 /* Working With AudioTests */ = {
			isa = PBXNativeTarget;
			buildConfigurationList = A756833F1A747CD300322006 /* Build configuration list for PBXNativeTarget "Working With AudioTests" */;
			buildPhases = (
				A756832E1A747CD300322006 /* Sources */,
				A756832F1A747CD300322006 /* Frameworks */,
				A75683301A747CD300322006 /* Resources */,
			);
			buildRules = (
			);
			dependencies = (
				A75683341A747CD300322006 /* PBXTargetDependency */,
			);
			name = "Working With AudioTests";
			productName = "Working With AudioTests";
			productReference = A75683321A747CD300322006 /* Working With AudioTests.xctest */;
			productType = "com.apple.product-type.bundle.unit-test";
		};
/* End PBXNativeTarget section */

/* Begin PBXProject section */
		A75683151A747CD300322006 /* Project object */ = {
			isa = PBXProject;
			attributes = {
				LastUpgradeCheck = 0610;
				ORGANIZATIONNAME = Yosemite;
				TargetAttributes = {
					A756831C1A747CD300322006 = {
						CreatedOnToolsVersion = 6.1.1;
					};
					A75683311A747CD300322006 = {
						CreatedOnToolsVersion = 6.1.1;
						TestTargetID = A756831C1A747CD300322006;
					};
				};
			};
			buildConfigurationList = A75683181A747CD300322006 /* Build configuration list for PBXProject "Working With Audio" */;
			compatibilityVersion = "Xcode 3.2";
			developmentRegion = English;
			hasScannedForEncodings = 0;
			knownRegions = (
				en,
				Base,
			);
			mainGroup = A75683141A747CD300322006;
			productRefGroup = A756831E1A747CD300322006 /* Products */;
			projectDirPath = "";
			projectRoot = "";
			targets = (
				A756831C1A747CD300322006 /* Working With Audio */,
				A75683311A747CD300322006 /* Working With AudioTests */,
			);
		};
/* End PBXProject section */

/* Begin PBXResourcesBuildPhase section */
		A756831B1A747CD300322006 /* Resources */ = {
			isa = PBXResourcesBuildPhase;
			buildActionMask = 2147483647;
			files = (
				A75683281A747CD300322006 /* Main.storyboard in Resources */,
				A756832D1A747CD300322006 /* LaunchScreen.xib in Resources */,
				A756832A1A747CD300322006 /* Images.xcassets in Resources */,
			);
			runOnlyForDeploymentPostprocessing = 0;
		};
		A75683301A747CD300322006 /* Resources */ = {
			isa = PBXResourcesBuildPhase;
			buildActionMask = 2147483647;
			files = (
			);
			runOnlyForDeploymentPostprocessing = 0;
		};
/* End PBXResourcesBuildPhase section */

/* Begin PBXSourcesBuildPhase section */
		A75683191A747CD300322006 /* Sources */ = {
			isa = PBXSourcesBuildPhase;
			buildActionMask = 2147483647;
			files = (
				A75683251A747CD300322006 /* ViewController.swift in Sources */,
				A75683231A747CD300322006 /* AppDelegate.swift in Sources */,
			);
			runOnlyForDeploymentPostprocessing = 0;
		};
		A756832E1A747CD300322006 /* Sources */ = {
			isa = PBXSourcesBuildPhase;
			buildActionMask = 2147483647;
			files = (
				A75683391A747CD300322006 /* Working_With_AudioTests.swift in Sources */,
			);
			runOnlyForDeploymentPostprocessing = 0;
		};
/* End PBXSourcesBuildPhase section */

/* Begin PBXTargetDependency section */
		A75683341A747CD300322006 /* PBXTargetDependency */ = {
			isa = PBXTargetDependency;
			target = A756831C1A747CD300322006 /* Working With Audio */;
			targetProxy = A75683331A747CD300322006 /* PBXContainerItemProxy */;
		};
/* End PBXTargetDependency section */

/* Begin PBXVariantGroup section */
		A75683261A747CD300322006 /* Main.storyboard */ = {
			isa = PBXVariantGroup;
			children = (
				A75683271A747CD300322006 /* Base */,
			);
			name = Main.storyboard;
			sourceTree = "<group>";
		};
		A756832B1A747CD300322006 /* LaunchScreen.xib */ = {
			isa = PBXVariantGroup;
			children = (
				A756832C1A747CD300322006 /* Base */,
			);
			name = LaunchScreen.xib;
			sourceTree = "<group>";
		};
/* End PBXVariantGroup section */

/* Begin XCBuildConfiguration section */
		A756833A1A747CD300322006 /* Debug */ = {
			isa = XCBuildConfiguration;
			buildSettings = {
				ALWAYS_SEARCH_USER_PATHS = NO;
				CLANG_CXX_LANGUAGE_STANDARD = "gnu++0x";
				CLANG_CXX_LIBRARY = "libc++";
				CLANG_ENABLE_MODULES = YES;
				CLANG_ENABLE_OBJC_ARC = YES;
				CLANG_WARN_BOOL_CONVERSION = YES;
				CLANG_WARN_CONSTANT_CONVERSION = YES;
				CLANG_WARN_DIRECT_OBJC_ISA_USAGE = YES_ERROR;
				CLANG_WARN_EMPTY_BODY = YES;
				CLANG_WARN_ENUM_CONVERSION = YES;
				CLANG_WARN_INT_CONVERSION = YES;
				CLANG_WARN_OBJC_ROOT_CLASS = YES_ERROR;
				CLANG_WARN_UNREACHABLE_CODE = YES;
				CLANG_WARN__DUPLICATE_METHOD_MATCH = YES;
				"CODE_SIGN_IDENTITY[sdk=iphoneos*]" = "iPhone Developer";
				COPY_PHASE_STRIP = NO;
				ENABLE_STRICT_OBJC_MSGSEND = YES;
				GCC_C_LANGUAGE_STANDARD = gnu99;
				GCC_DYNAMIC_NO_PIC = NO;
				GCC_OPTIMIZATION_LEVEL = 0;
				GCC_PREPROCESSOR_DEFINITIONS = (
					"DEBUG=1",
					"$(inherited)",
				);
				GCC_SYMBOLS_PRIVATE_EXTERN = NO;
				GCC_WARN_64_TO_32_BIT_CONVERSION = YES;
				GCC_WARN_ABOUT_RETURN_TYPE = YES_ERROR;
				GCC_WARN_UNDECLARED_SELECTOR = YES;
				GCC_WARN_UNINITIALIZED_AUTOS = YES_AGGRESSIVE;
				GCC_WARN_UNUSED_FUNCTION = YES;
				GCC_WARN_UNUSED_VARIABLE = YES;
				IPHONEOS_DEPLOYMENT_TARGET = 8.1;
				MTL_ENABLE_DEBUG_INFO = YES;
				ONLY_ACTIVE_ARCH = YES;
				SDKROOT = iphoneos;
				SWIFT_OPTIMIZATION_LEVEL = "-Onone";
			};
			name = Debug;
		};
		A756833B1A747CD300322006 /* Release */ = {
			isa = XCBuildConfiguration;
			buildSettings = {
				ALWAYS_SEARCH_USER_PATHS = NO;
				CLANG_CXX_LANGUAGE_STANDARD = "gnu++0x";
				CLANG_CXX_LIBRARY = "libc++";
				CLANG_ENABLE_MODULES = YES;
				CLANG_ENABLE_OBJC_ARC = YES;
				CLANG_WARN_BOOL_CONVERSION = YES;
				CLANG_WARN_CONSTANT_CONVERSION = YES;
				CLANG_WARN_DIRECT_OBJC_ISA_USAGE = YES_ERROR;
				CLANG_WARN_EMPTY_BODY = YES;
				CLANG_WARN_ENUM_CONVERSION = YES;
				CLANG_WARN_INT_CONVERSION = YES;
				CLANG_WARN_OBJC_ROOT_CLASS = YES_ERROR;
				CLANG_WARN_UNREACHABLE_CODE = YES;
				CLANG_WARN__DUPLICATE_METHOD_MATCH = YES;
				"CODE_SIGN_IDENTITY[sdk=iphoneos*]" = "iPhone Developer";
				COPY_PHASE_STRIP = YES;
				ENABLE_NS_ASSERTIONS = NO;
				ENABLE_STRICT_OBJC_MSGSEND = YES;
				GCC_C_LANGUAGE_STANDARD = gnu99;
				GCC_WARN_64_TO_32_BIT_CONVERSION = YES;
				GCC_WARN_ABOUT_RETURN_TYPE = YES_ERROR;
				GCC_WARN_UNDECLARED_SELECTOR = YES;
				GCC_WARN_UNINITIALIZED_AUTOS = YES_AGGRESSIVE;
				GCC_WARN_UNUSED_FUNCTION = YES;
				GCC_WARN_UNUSED_VARIABLE = YES;
				IPHONEOS_DEPLOYMENT_TARGET = 8.1;
				MTL_ENABLE_DEBUG_INFO = NO;
				SDKROOT = iphoneos;
				VALIDATE_PRODUCT = YES;
			};
			name = Release;
		};
		A756833D1A747CD300322006 /* Debug */ = {
			isa = XCBuildConfiguration;
			buildSettings = {
				ASSETCATALOG_COMPILER_APPICON_NAME = AppIcon;
				INFOPLIST_FILE = "Working With Audio/Info.plist";
				LD_RUNPATH_SEARCH_PATHS = "$(inherited) @executable_path/Frameworks";
				PRODUCT_NAME = "$(TARGET_NAME)";
			};
			name = Debug;
		};
		A756833E1A747CD300322006 /* Release */ = {
			isa = XCBuildConfiguration;
			buildSettings = {
				ASSETCATALOG_COMPILER_APPICON_NAME = AppIcon;
				INFOPLIST_FILE = "Working With Audio/Info.plist";
				LD_RUNPATH_SEARCH_PATHS = "$(inherited) @executable_path/Frameworks";
				PRODUCT_NAME = "$(TARGET_NAME)";
			};
			name = Release;
		};
		A75683401A747CD300322006 /* Debug */ = {
			isa = XCBuildConfiguration;
			buildSettings = {
				BUNDLE_LOADER = "$(TEST_HOST)";
				FRAMEWORK_SEARCH_PATHS = (
					"$(SDKROOT)/Developer/Library/Frameworks",
					"$(inherited)",
				);
				GCC_PREPROCESSOR_DEFINITIONS = (
					"DEBUG=1",
					"$(inherited)",
				);
				INFOPLIST_FILE = "Working With AudioTests/Info.plist";
				LD_RUNPATH_SEARCH_PATHS = "$(inherited) @executable_path/Frameworks @loader_path/Frameworks";
				PRODUCT_NAME = "$(TARGET_NAME)";
				TEST_HOST = "$(BUILT_PRODUCTS_DIR)/Working With Audio.app/Working With Audio";
			};
			name = Debug;
		};
		A75683411A747CD300322006 /* Release */ = {
			isa = XCBuildConfiguration;
			buildSettings = {
				BUNDLE_LOADER = "$(TEST_HOST)";
				FRAMEWORK_SEARCH_PATHS = (
					"$(SDKROOT)/Developer/Library/Frameworks",
					"$(inherited)",
				);
				INFOPLIST_FILE = "Working With AudioTests/Info.plist";
				LD_RUNPATH_SEARCH_PATHS = "$(inherited) @executable_path/Frameworks @loader_path/Frameworks";
				PRODUCT_NAME = "$(TARGET_NAME)";
				TEST_HOST = "$(BUILT_PRODUCTS_DIR)/Working With Audio.app/Working With Audio";
			};
			name = Release;
		};
/* End XCBuildConfiguration section */

/* Begin XCConfigurationList section */
		A75683181A747CD300322006 /* Build configuration list for PBXProject "Working With Audio" */ = {
			isa = XCConfigurationList;
			buildConfigurations = (
				A756833A1A747CD300322006 /* Debug */,
				A756833B1A747CD300322006 /* Release */,
			);
			defaultConfigurationIsVisible = 0;
			defaultConfigurationName = Release;
		};
		A756833C1A747CD300322006 /* Build configuration list for PBXNativeTarget "Working With Audio" */ = {
			isa = XCConfigurationList;
			buildConfigurations = (
				A756833D1A747CD300322006 /* Debug */,
				A756833E1A747CD300322006 /* Release */,
			);
			defaultConfigurationIsVisible = 0;
		};
		A756833F1A747CD300322006 /* Build configuration list for PBXNativeTarget "Working With AudioTests" */ = {
			isa = XCConfigurationList;
			buildConfigurations = (
				A75683401A747CD300322006 /* Debug */,
				A75683411A747CD300322006 /* Release */,
			);
			defaultConfigurationIsVisible = 0;
		};
/* End XCConfigurationList section */
	};
	rootObject = A75683151A747CD300322006 /* Project object */;
}
